{
  "requires": true,
  "lockfileVersion": 1,
  "dependencies": {
    "@angular/animations": {
      "version": "9.0.6",
      "resolved": "https://registry.npmjs.org/@angular/animations/-/animations-9.0.6.tgz",
      "integrity": "sha512-LNtzUrrjqLTlZyhuAEV0sdEV0yi52Ih/p+ozCr/ivhTSSemcPbniTBbJlFZO4NJ2BuS2iEXkXwZs3mm8Fvx5Sg=="
    },
    "@angular/cdk": {
      "version": "9.1.3",
      "resolved": "https://registry.npmjs.org/@angular/cdk/-/cdk-9.1.3.tgz",
      "integrity": "sha512-K6XJzfqP+PE0ahyBUYrnoW+3ocwDpPN3dE9a+XRtZ0vM4P/FElweWj5zjNwWktb+uF9yal6oMPWXJNOAfonpPw==",
      "requires": {
        "parse5": "^5.0.0"
      }
    },
    "@angular/material": {
      "version": "9.1.3",
      "resolved": "https://registry.npmjs.org/@angular/material/-/material-9.1.3.tgz",
      "integrity": "sha512-tRdd5+z9XwsbN+4WCuH3goyEjqw1Q6vKeURCdas8bh5AVOrCt8pcFlj3yA3P/u4fdhfTeFc67PJRz8Zm0n3moQ=="
    },
    "parse5": {
      "version": "5.1.1",
      "resolved": "https://registry.npmjs.org/parse5/-/parse5-5.1.1.tgz",
      "integrity": "sha512-ugq4DFI0Ptb+WWjAdOK16+u/nHfiIrcE+sh8kZMaM0WllQKLI9rOUq6c2b7cwPkXdzfQESqvoqK6ug7U/Yyzug==",
      "optional": true
    }
  }
}
